
Microsoft Visual Studio Solution File, Format Version 12.00
# Visual Studio 14
VisualStudioVersion = 14.0.23107.0
MinimumVisualStudioVersion = 10.0.40219.1
Project("{FAE04EC0-301F-11D3-BF4B-00C04F79EFBC}") = "ConsoleApp_Redis", "ConsoleApp_Redis\ConsoleApp_Redis\ConsoleApp_Redis.csproj", "{6E35DB28-78E2-4247-8D78-30FF56DDAD3D}"
EndProject
Project("{FAE04EC0-301F-11D3-BF4B-00C04F79EFBC}") = "XK.Common", "XK.Common\XK.Common.csproj", "{A49248A4-5A0E-444B-B95D-A13AF3D4A572}"
EndProject
Project("{2150E333-8FDC-42A3-9474-1A3956D46DE8}") = "Lib", "Lib", "{B05B384B-74EE-4FBD-B396-50B79CC3BD24}"
EndProject
Project("{FAE04EC0-301F-11D3-BF4B-00C04F79EFBC}") = "XK.Redis", "XK.Redis\XK.Redis.csproj", "{8A05E84B-665C-49C5-82BB-255E1E6D99D9}"
EndProject
Project("{2150E333-8FDC-42A3-9474-1A3956D46DE8}") = "FreedomDB", "FreedomDB", "{D5B310B4-A0BF-4EB5-9505-8C5F9DBB6117}"
EndProject
Project("{FAE04EC0-301F-11D3-BF4B-00C04F79EFBC}") = "FreedomDB.Bridge", "FreedomDB.Bridge\FreedomDB.Bridge.csproj", "{FB3ADCE3-ED36-4793-92F2-6B701C84ED6F}"
EndProject
Project("{FAE04EC0-301F-11D3-BF4B-00C04F79EFBC}") = "FreedomDB.Helper", "FreedomDB.Helper\FreedomDB.Helper.csproj", "{A111A69D-25BB-4871-9874-EE81339DD75E}"
EndProject
Project("{2150E333-8FDC-42A3-9474-1A3956D46DE8}") = "MyTestShop", "MyTestShop", "{4595FC0D-CE72-4FE0-A9BC-5E0A8374C750}"
EndProject
Project("{FAE04EC0-301F-11D3-BF4B-00C04F79EFBC}") = "MyTestShop.Dal", "MyTestShop.Dal\MyTestShop.Dal.csproj", "{72B8EF29-3F7F-427B-AF5A-7C3535E58C03}"
EndProject
Project("{FAE04EC0-301F-11D3-BF4B-00C04F79EFBC}") = "MyTestShop.Model", "MyTestShop.Model\MyTestShop.Model.csproj", "{CEB54E79-B238-4025-AF26-2E0B3C9C3406}"
EndProject
Project("{FAE04EC0-301F-11D3-BF4B-00C04F79EFBC}") = "MyTestShop.IDal", "MyTestShop.IDal\MyTestShop.IDal.csproj", "{86F349A3-7BAF-45EC-8FB9-808E7DE47F0E}"
EndProject
Project("{FAE04EC0-301F-11D3-BF4B-00C04F79EFBC}") = "MyTestShop.Bll", "MyTestShop.Bll\MyTestShop.Bll.csproj", "{94C079B8-8991-49A6-A749-8C5B4F1B4088}"
EndProject
Project("{2150E333-8FDC-42A3-9474-1A3956D46DE8}") = "web", "web", "{F82376BA-E68D-4665-BF44-101CD0E297D4}"
EndProject
Project("{FAE04EC0-301F-11D3-BF4B-00C04F79EFBC}") = "WebApp_File", "WebApp_File\WebApp_File.csproj", "{61704FDF-59A5-4594-A009-2B6FECBD023E}"
EndProject
Project("{FAE04EC0-301F-11D3-BF4B-00C04F79EFBC}") = "WebApp_Test", "WebApp_Test\WebApp_Test.csproj", "{80D9A15F-8FD6-4603-9C6B-AEF00C65360E}"
EndProject
Global
	GlobalSection(SolutionConfigurationPlatforms) = preSolution
		Debug|Any CPU = Debug|Any CPU
		Release|Any CPU = Release|Any CPU
	EndGlobalSection
	GlobalSection(ProjectConfigurationPlatforms) = postSolution
		{6E35DB28-78E2-4247-8D78-30FF56DDAD3D}.Debug|Any CPU.ActiveCfg = Debug|Any CPU
		{6E35DB28-78E2-4247-8D78-30FF56DDAD3D}.Debug|Any CPU.Build.0 = Debug|Any CPU
		{6E35DB28-78E2-4247-8D78-30FF56DDAD3D}.Release|Any CPU.ActiveCfg = Release|Any CPU
		{6E35DB28-78E2-4247-8D78-30FF56DDAD3D}.Release|Any CPU.Build.0 = Release|Any CPU
		{A49248A4-5A0E-444B-B95D-A13AF3D4A572}.Debug|Any CPU.ActiveCfg = Debug|Any CPU
		{A49248A4-5A0E-444B-B95D-A13AF3D4A572}.Debug|Any CPU.Build.0 = Debug|Any CPU
		{A49248A4-5A0E-444B-B95D-A13AF3D4A572}.Release|Any CPU.ActiveCfg = Release|Any CPU
		{A49248A4-5A0E-444B-B95D-A13AF3D4A572}.Release|Any CPU.Build.0 = Release|Any CPU
		{8A05E84B-665C-49C5-82BB-255E1E6D99D9}.Debug|Any CPU.ActiveCfg = Debug|Any CPU
		{8A05E84B-665C-49C5-82BB-255E1E6D99D9}.Debug|Any CPU.Build.0 = Debug|Any CPU
		{8A05E84B-665C-49C5-82BB-255E1E6D99D9}.Release|Any CPU.ActiveCfg = Release|Any CPU
		{8A05E84B-665C-49C5-82BB-255E1E6D99D9}.Release|Any CPU.Build.0 = Release|Any CPU
		{FB3ADCE3-ED36-4793-92F2-6B701C84ED6F}.Debug|Any CPU.ActiveCfg = Debug|Any CPU
		{FB3ADCE3-ED36-4793-92F2-6B701C84ED6F}.Debug|Any CPU.Build.0 = Debug|Any CPU
		{FB3ADCE3-ED36-4793-92F2-6B701C84ED6F}.Release|Any CPU.ActiveCfg = Release|Any CPU
		{FB3ADCE3-ED36-4793-92F2-6B701C84ED6F}.Release|Any CPU.Build.0 = Release|Any CPU
		{A111A69D-25BB-4871-9874-EE81339DD75E}.Debug|Any CPU.ActiveCfg = Debug|Any CPU
		{A111A69D-25BB-4871-9874-EE81339DD75E}.Debug|Any CPU.Build.0 = Debug|Any CPU
		{A111A69D-25BB-4871-9874-EE81339DD75E}.Release|Any CPU.ActiveCfg = Release|Any CPU
		{A111A69D-25BB-4871-9874-EE81339DD75E}.Release|Any CPU.Build.0 = Release|Any CPU
		{72B8EF29-3F7F-427B-AF5A-7C3535E58C03}.Debug|Any CPU.ActiveCfg = Debug|Any CPU
		{72B8EF29-3F7F-427B-AF5A-7C3535E58C03}.Debug|Any CPU.Build.0 = Debug|Any CPU
		{72B8EF29-3F7F-427B-AF5A-7C3535E58C03}.Release|Any CPU.ActiveCfg = Release|Any CPU
		{72B8EF29-3F7F-427B-AF5A-7C3535E58C03}.Release|Any CPU.Build.0 = Release|Any CPU
		{CEB54E79-B238-4025-AF26-2E0B3C9C3406}.Debug|Any CPU.ActiveCfg = Debug|Any CPU
		{CEB54E79-B238-4025-AF26-2E0B3C9C3406}.Debug|Any CPU.Build.0 = Debug|Any CPU
		{CEB54E79-B238-4025-AF26-2E0B3C9C3406}.Release|Any CPU.ActiveCfg = Release|Any CPU
		{CEB54E79-B238-4025-AF26-2E0B3C9C3406}.Release|Any CPU.Build.0 = Release|Any CPU
		{86F349A3-7BAF-45EC-8FB9-808E7DE47F0E}.Debug|Any CPU.ActiveCfg = Debug|Any CPU
		{86F349A3-7BAF-45EC-8FB9-808E7DE47F0E}.Debug|Any CPU.Build.0 = Debug|Any CPU
		{86F349A3-7BAF-45EC-8FB9-808E7DE47F0E}.Release|Any CPU.ActiveCfg = Release|Any CPU
		{86F349A3-7BAF-45EC-8FB9-808E7DE47F0E}.Release|Any CPU.Build.0 = Release|Any CPU
		{94C079B8-8991-49A6-A749-8C5B4F1B4088}.Debug|Any CPU.ActiveCfg = Debug|Any CPU
		{94C079B8-8991-49A6-A749-8C5B4F1B4088}.Debug|Any CPU.Build.0 = Debug|Any CPU
		{94C079B8-8991-49A6-A749-8C5B4F1B4088}.Release|Any CPU.ActiveCfg = Release|Any CPU
		{94C079B8-8991-49A6-A749-8C5B4F1B4088}.Release|Any CPU.Build.0 = Release|Any CPU
		{61704FDF-59A5-4594-A009-2B6FECBD023E}.Debug|Any CPU.ActiveCfg = Debug|Any CPU
		{61704FDF-59A5-4594-A009-2B6FECBD023E}.Debug|Any CPU.Build.0 = Debug|Any CPU
		{61704FDF-59A5-4594-A009-2B6FECBD023E}.Release|Any CPU.ActiveCfg = Release|Any CPU
		{61704FDF-59A5-4594-A009-2B6FECBD023E}.Release|Any CPU.Build.0 = Release|Any CPU
		{80D9A15F-8FD6-4603-9C6B-AEF00C65360E}.Debug|Any CPU.ActiveCfg = Debug|Any CPU
		{80D9A15F-8FD6-4603-9C6B-AEF00C65360E}.Debug|Any CPU.Build.0 = Debug|Any CPU
		{80D9A15F-8FD6-4603-9C6B-AEF00C65360E}.Release|Any CPU.ActiveCfg = Release|Any CPU
		{80D9A15F-8FD6-4603-9C6B-AEF00C65360E}.Release|Any CPU.Build.0 = Release|Any CPU
	EndGlobalSection
	GlobalSection(SolutionProperties) = preSolution
		HideSolutionNode = FALSE
	EndGlobalSection
	GlobalSection(NestedProjects) = preSolution
		{A49248A4-5A0E-444B-B95D-A13AF3D4A572} = {B05B384B-74EE-4FBD-B396-50B79CC3BD24}
		{8A05E84B-665C-49C5-82BB-255E1E6D99D9} = {B05B384B-74EE-4FBD-B396-50B79CC3BD24}
		{FB3ADCE3-ED36-4793-92F2-6B701C84ED6F} = {D5B310B4-A0BF-4EB5-9505-8C5F9DBB6117}
		{A111A69D-25BB-4871-9874-EE81339DD75E} = {D5B310B4-A0BF-4EB5-9505-8C5F9DBB6117}
		{72B8EF29-3F7F-427B-AF5A-7C3535E58C03} = {4595FC0D-CE72-4FE0-A9BC-5E0A8374C750}
		{CEB54E79-B238-4025-AF26-2E0B3C9C3406} = {4595FC0D-CE72-4FE0-A9BC-5E0A8374C750}
		{86F349A3-7BAF-45EC-8FB9-808E7DE47F0E} = {4595FC0D-CE72-4FE0-A9BC-5E0A8374C750}
		{94C079B8-8991-49A6-A749-8C5B4F1B4088} = {4595FC0D-CE72-4FE0-A9BC-5E0A8374C750}
		{61704FDF-59A5-4594-A009-2B6FECBD023E} = {F82376BA-E68D-4665-BF44-101CD0E297D4}
		{80D9A15F-8FD6-4603-9C6B-AEF00C65360E} = {F82376BA-E68D-4665-BF44-101CD0E297D4}
	EndGlobalSection
EndGlobal
