
Microsoft Visual Studio Solution File, Format Version 12.00
# Visual Studio 14
VisualStudioVersion = 14.0.23107.0
MinimumVisualStudioVersion = 10.0.40219.1
Project("{FAE04EC0-301F-11D3-BF4B-00C04F79EFBC}") = "XK.Common", "XK.Common\XK.Common.csproj", "{A49248A4-5A0E-444B-B95D-A13AF3D4A572}"
EndProject
Project("{FAE04EC0-301F-11D3-BF4B-00C04F79EFBC}") = "XK.Web", "XK.Web\XK.Web.csproj", "{F67718FB-0434-481F-9C18-075610302D43}"
EndProject
Project("{FAE04EC0-301F-11D3-BF4B-00C04F79EFBC}") = "XK.DataProcess", "XK.DataProcess\XK.DataProcess.csproj", "{13DE9BFD-A790-481C-BBD1-AD5E4AB3A547}"
EndProject
Project("{FAE04EC0-301F-11D3-BF4B-00C04F79EFBC}") = "XK.Bll", "XK.Bll\XK.Bll.csproj", "{E6DA9B5E-9E70-40F1-BF8D-BF3BB55DB8B3}"
EndProject
Project("{FAE04EC0-301F-11D3-BF4B-00C04F79EFBC}") = "XK.Model", "XK.Model\XK.Model.csproj", "{CB8CC415-435A-416D-A2BC-DA3BC7340040}"
EndProject
Project("{FAE04EC0-301F-11D3-BF4B-00C04F79EFBC}") = "FreedomDB.Bridge", "FreedomDB.Bridge\FreedomDB.Bridge.csproj", "{FB3ADCE3-ED36-4793-92F2-6B701C84ED6F}"
EndProject
Project("{FAE04EC0-301F-11D3-BF4B-00C04F79EFBC}") = "FreedomDB.Helper", "FreedomDB.Helper\FreedomDB.Helper.csproj", "{A111A69D-25BB-4871-9874-EE81339DD75E}"
EndProject
Project("{FAE04EC0-301F-11D3-BF4B-00C04F79EFBC}") = "XK.Dal", "XK.Dal\XK.Dal.csproj", "{2896863F-6414-41BD-B79F-725FF98CB5C3}"
EndProject
Project("{2150E333-8FDC-42A3-9474-1A3956D46DE8}") = "DBUtil", "DBUtil", "{5E2C8CEE-8CB7-4946-8409-0CE5EEACB3BB}"
EndProject
Project("{2150E333-8FDC-42A3-9474-1A3956D46DE8}") = "Union", "Union", "{39AB3DB5-09BF-42AC-860A-30309A07E9FA}"
EndProject
Project("{FAE04EC0-301F-11D3-BF4B-00C04F79EFBC}") = "XK.SearchEngine", "XK.SearchEngine\XK.SearchEngine.csproj", "{801FD1E0-D7AE-4D59-B9E7-925170B9BD0D}"
EndProject
Project("{2150E333-8FDC-42A3-9474-1A3956D46DE8}") = "Test", "Test", "{78869119-A0F5-40E5-9EAD-AA6618EC8B01}"
EndProject
Project("{FAE04EC0-301F-11D3-BF4B-00C04F79EFBC}") = "ConsoleAppTest", "ConsoleAppTest\ConsoleAppTest.csproj", "{D5883448-5598-4C70-9F6C-AEA7FBA5A220}"
EndProject
Global
	GlobalSection(SolutionConfigurationPlatforms) = preSolution
		Debug|Any CPU = Debug|Any CPU
		Release|Any CPU = Release|Any CPU
	EndGlobalSection
	GlobalSection(ProjectConfigurationPlatforms) = postSolution
		{A49248A4-5A0E-444B-B95D-A13AF3D4A572}.Debug|Any CPU.ActiveCfg = Debug|Any CPU
		{A49248A4-5A0E-444B-B95D-A13AF3D4A572}.Debug|Any CPU.Build.0 = Debug|Any CPU
		{A49248A4-5A0E-444B-B95D-A13AF3D4A572}.Release|Any CPU.ActiveCfg = Release|Any CPU
		{A49248A4-5A0E-444B-B95D-A13AF3D4A572}.Release|Any CPU.Build.0 = Release|Any CPU
		{F67718FB-0434-481F-9C18-075610302D43}.Debug|Any CPU.ActiveCfg = Debug|Any CPU
		{F67718FB-0434-481F-9C18-075610302D43}.Debug|Any CPU.Build.0 = Debug|Any CPU
		{F67718FB-0434-481F-9C18-075610302D43}.Release|Any CPU.ActiveCfg = Release|Any CPU
		{F67718FB-0434-481F-9C18-075610302D43}.Release|Any CPU.Build.0 = Release|Any CPU
		{13DE9BFD-A790-481C-BBD1-AD5E4AB3A547}.Debug|Any CPU.ActiveCfg = Debug|Any CPU
		{13DE9BFD-A790-481C-BBD1-AD5E4AB3A547}.Debug|Any CPU.Build.0 = Debug|Any CPU
		{13DE9BFD-A790-481C-BBD1-AD5E4AB3A547}.Release|Any CPU.ActiveCfg = Release|Any CPU
		{13DE9BFD-A790-481C-BBD1-AD5E4AB3A547}.Release|Any CPU.Build.0 = Release|Any CPU
		{E6DA9B5E-9E70-40F1-BF8D-BF3BB55DB8B3}.Debug|Any CPU.ActiveCfg = Debug|Any CPU
		{E6DA9B5E-9E70-40F1-BF8D-BF3BB55DB8B3}.Debug|Any CPU.Build.0 = Debug|Any CPU
		{E6DA9B5E-9E70-40F1-BF8D-BF3BB55DB8B3}.Release|Any CPU.ActiveCfg = Release|Any CPU
		{E6DA9B5E-9E70-40F1-BF8D-BF3BB55DB8B3}.Release|Any CPU.Build.0 = Release|Any CPU
		{CB8CC415-435A-416D-A2BC-DA3BC7340040}.Debug|Any CPU.ActiveCfg = Debug|Any CPU
		{CB8CC415-435A-416D-A2BC-DA3BC7340040}.Debug|Any CPU.Build.0 = Debug|Any CPU
		{CB8CC415-435A-416D-A2BC-DA3BC7340040}.Release|Any CPU.ActiveCfg = Release|Any CPU
		{CB8CC415-435A-416D-A2BC-DA3BC7340040}.Release|Any CPU.Build.0 = Release|Any CPU
		{FB3ADCE3-ED36-4793-92F2-6B701C84ED6F}.Debug|Any CPU.ActiveCfg = Debug|Any CPU
		{FB3ADCE3-ED36-4793-92F2-6B701C84ED6F}.Debug|Any CPU.Build.0 = Debug|Any CPU
		{FB3ADCE3-ED36-4793-92F2-6B701C84ED6F}.Release|Any CPU.ActiveCfg = Release|Any CPU
		{FB3ADCE3-ED36-4793-92F2-6B701C84ED6F}.Release|Any CPU.Build.0 = Release|Any CPU
		{A111A69D-25BB-4871-9874-EE81339DD75E}.Debug|Any CPU.ActiveCfg = Debug|Any CPU
		{A111A69D-25BB-4871-9874-EE81339DD75E}.Debug|Any CPU.Build.0 = Debug|Any CPU
		{A111A69D-25BB-4871-9874-EE81339DD75E}.Release|Any CPU.ActiveCfg = Release|Any CPU
		{A111A69D-25BB-4871-9874-EE81339DD75E}.Release|Any CPU.Build.0 = Release|Any CPU
		{2896863F-6414-41BD-B79F-725FF98CB5C3}.Debug|Any CPU.ActiveCfg = Debug|Any CPU
		{2896863F-6414-41BD-B79F-725FF98CB5C3}.Debug|Any CPU.Build.0 = Debug|Any CPU
		{2896863F-6414-41BD-B79F-725FF98CB5C3}.Release|Any CPU.ActiveCfg = Release|Any CPU
		{2896863F-6414-41BD-B79F-725FF98CB5C3}.Release|Any CPU.Build.0 = Release|Any CPU
		{801FD1E0-D7AE-4D59-B9E7-925170B9BD0D}.Debug|Any CPU.ActiveCfg = Debug|Any CPU
		{801FD1E0-D7AE-4D59-B9E7-925170B9BD0D}.Debug|Any CPU.Build.0 = Debug|Any CPU
		{801FD1E0-D7AE-4D59-B9E7-925170B9BD0D}.Release|Any CPU.ActiveCfg = Release|Any CPU
		{801FD1E0-D7AE-4D59-B9E7-925170B9BD0D}.Release|Any CPU.Build.0 = Release|Any CPU
		{D5883448-5598-4C70-9F6C-AEA7FBA5A220}.Debug|Any CPU.ActiveCfg = Debug|Any CPU
		{D5883448-5598-4C70-9F6C-AEA7FBA5A220}.Debug|Any CPU.Build.0 = Debug|Any CPU
		{D5883448-5598-4C70-9F6C-AEA7FBA5A220}.Release|Any CPU.ActiveCfg = Release|Any CPU
		{D5883448-5598-4C70-9F6C-AEA7FBA5A220}.Release|Any CPU.Build.0 = Release|Any CPU
	EndGlobalSection
	GlobalSection(SolutionProperties) = preSolution
		HideSolutionNode = FALSE
	EndGlobalSection
	GlobalSection(NestedProjects) = preSolution
		{E6DA9B5E-9E70-40F1-BF8D-BF3BB55DB8B3} = {39AB3DB5-09BF-42AC-860A-30309A07E9FA}
		{CB8CC415-435A-416D-A2BC-DA3BC7340040} = {39AB3DB5-09BF-42AC-860A-30309A07E9FA}
		{FB3ADCE3-ED36-4793-92F2-6B701C84ED6F} = {5E2C8CEE-8CB7-4946-8409-0CE5EEACB3BB}
		{A111A69D-25BB-4871-9874-EE81339DD75E} = {5E2C8CEE-8CB7-4946-8409-0CE5EEACB3BB}
		{2896863F-6414-41BD-B79F-725FF98CB5C3} = {39AB3DB5-09BF-42AC-860A-30309A07E9FA}
		{D5883448-5598-4C70-9F6C-AEA7FBA5A220} = {78869119-A0F5-40E5-9EAD-AA6618EC8B01}
	EndGlobalSection
EndGlobal
