
Microsoft Visual Studio Solution File, Format Version 12.00
# Visual Studio 14
VisualStudioVersion = 14.0.23107.0
MinimumVisualStudioVersion = 10.0.40219.1
Project("{FAE04EC0-301F-11D3-BF4B-00C04F79EFBC}") = "ConsoleApp_Redis", "ConsoleApp_Redis\ConsoleApp_Redis\ConsoleApp_Redis.csproj", "{6E35DB28-78E2-4247-8D78-30FF56DDAD3D}"
EndProject
Project("{FAE04EC0-301F-11D3-BF4B-00C04F79EFBC}") = "XK.Common", "XK.Common\XK.Common.csproj", "{A49248A4-5A0E-444B-B95D-A13AF3D4A572}"
EndProject
Project("{2150E333-8FDC-42A3-9474-1A3956D46DE8}") = "Lib", "Lib", "{B05B384B-74EE-4FBD-B396-50B79CC3BD24}"
EndProject
Project("{FAE04EC0-301F-11D3-BF4B-00C04F79EFBC}") = "XK.Redis", "XK.Redis\XK.Redis.csproj", "{8A05E84B-665C-49C5-82BB-255E1E6D99D9}"
EndProject
Project("{2150E333-8FDC-42A3-9474-1A3956D46DE8}") = "FreedomDB", "FreedomDB", "{D5B310B4-A0BF-4EB5-9505-8C5F9DBB6117}"
EndProject
Project("{FAE04EC0-301F-11D3-BF4B-00C04F79EFBC}") = "FreedomDB.Bridge", "FreedomDB.Bridge\FreedomDB.Bridge.csproj", "{FB3ADCE3-ED36-4793-92F2-6B701C84ED6F}"
EndProject
Project("{FAE04EC0-301F-11D3-BF4B-00C04F79EFBC}") = "FreedomDB.Helper", "FreedomDB.Helper\FreedomDB.Helper.csproj", "{A111A69D-25BB-4871-9874-EE81339DD75E}"
EndProject
Project("{2150E333-8FDC-42A3-9474-1A3956D46DE8}") = "MyTestShop", "MyTestShop", "{4595FC0D-CE72-4FE0-A9BC-5E0A8374C750}"
EndProject
Project("{2150E333-8FDC-42A3-9474-1A3956D46DE8}") = "web", "web", "{F82376BA-E68D-4665-BF44-101CD0E297D4}"
EndProject
Project("{FAE04EC0-301F-11D3-BF4B-00C04F79EFBC}") = "WebApp_File", "WebApp_File\WebApp_File.csproj", "{61704FDF-59A5-4594-A009-2B6FECBD023E}"
EndProject
Project("{2150E333-8FDC-42A3-9474-1A3956D46DE8}") = "Bridge", "Bridge", "{A95A7BD1-6982-48E8-A40F-8A1053D0E0D8}"
EndProject
Project("{2150E333-8FDC-42A3-9474-1A3956D46DE8}") = "web.new", "web.new", "{79C3B0E1-E16A-4154-840A-8FD3D16685B8}"
EndProject
Project("{FAE04EC0-301F-11D3-BF4B-00C04F79EFBC}") = "XK.DataProcess", "XK.DataProcess\XK.DataProcess.csproj", "{13DE9BFD-A790-481C-BBD1-AD5E4AB3A547}"
EndProject
Project("{FAE04EC0-301F-11D3-BF4B-00C04F79EFBC}") = "XK.Model", "XK.Model\XK.Model.csproj", "{CB8CC415-435A-416D-A2BC-DA3BC7340040}"
EndProject
Project("{FAE04EC0-301F-11D3-BF4B-00C04F79EFBC}") = "XK.Dal", "XK.Dal\XK.Dal.csproj", "{2896863F-6414-41BD-B79F-725FF98CB5C3}"
EndProject
Project("{FAE04EC0-301F-11D3-BF4B-00C04F79EFBC}") = "XK.Bll", "XK.Bll\XK.Bll.csproj", "{E6DA9B5E-9E70-40F1-BF8D-BF3BB55DB8B3}"
EndProject
Project("{FAE04EC0-301F-11D3-BF4B-00C04F79EFBC}") = "XK.Web", "XK.Web\XK.Web.csproj", "{F67718FB-0434-481F-9C18-075610302D43}"
EndProject
Project("{2150E333-8FDC-42A3-9474-1A3956D46DE8}") = "Test", "Test", "{C36A910D-E15E-4570-8219-2D717CF52D95}"
EndProject
Project("{FAE04EC0-301F-11D3-BF4B-00C04F79EFBC}") = "XK.SearchEngine", "XK.SearchEngine\XK.SearchEngine.csproj", "{801FD1E0-D7AE-4D59-B9E7-925170B9BD0D}"
EndProject
Project("{FAE04EC0-301F-11D3-BF4B-00C04F79EFBC}") = "XK.SearchEngine.Test", "XK.SearchEngine.Test\XK.SearchEngine.Test.csproj", "{973C4B34-2A75-48E3-A725-2846824E5260}"
EndProject
Global
	GlobalSection(SolutionConfigurationPlatforms) = preSolution
		Debug|Any CPU = Debug|Any CPU
		Release|Any CPU = Release|Any CPU
	EndGlobalSection
	GlobalSection(ProjectConfigurationPlatforms) = postSolution
		{6E35DB28-78E2-4247-8D78-30FF56DDAD3D}.Debug|Any CPU.ActiveCfg = Debug|Any CPU
		{6E35DB28-78E2-4247-8D78-30FF56DDAD3D}.Debug|Any CPU.Build.0 = Debug|Any CPU
		{6E35DB28-78E2-4247-8D78-30FF56DDAD3D}.Release|Any CPU.ActiveCfg = Release|Any CPU
		{6E35DB28-78E2-4247-8D78-30FF56DDAD3D}.Release|Any CPU.Build.0 = Release|Any CPU
		{A49248A4-5A0E-444B-B95D-A13AF3D4A572}.Debug|Any CPU.ActiveCfg = Debug|Any CPU
		{A49248A4-5A0E-444B-B95D-A13AF3D4A572}.Debug|Any CPU.Build.0 = Debug|Any CPU
		{A49248A4-5A0E-444B-B95D-A13AF3D4A572}.Release|Any CPU.ActiveCfg = Release|Any CPU
		{A49248A4-5A0E-444B-B95D-A13AF3D4A572}.Release|Any CPU.Build.0 = Release|Any CPU
		{8A05E84B-665C-49C5-82BB-255E1E6D99D9}.Debug|Any CPU.ActiveCfg = Debug|Any CPU
		{8A05E84B-665C-49C5-82BB-255E1E6D99D9}.Debug|Any CPU.Build.0 = Debug|Any CPU
		{8A05E84B-665C-49C5-82BB-255E1E6D99D9}.Release|Any CPU.ActiveCfg = Release|Any CPU
		{8A05E84B-665C-49C5-82BB-255E1E6D99D9}.Release|Any CPU.Build.0 = Release|Any CPU
		{FB3ADCE3-ED36-4793-92F2-6B701C84ED6F}.Debug|Any CPU.ActiveCfg = Debug|Any CPU
		{FB3ADCE3-ED36-4793-92F2-6B701C84ED6F}.Debug|Any CPU.Build.0 = Debug|Any CPU
		{FB3ADCE3-ED36-4793-92F2-6B701C84ED6F}.Release|Any CPU.ActiveCfg = Release|Any CPU
		{FB3ADCE3-ED36-4793-92F2-6B701C84ED6F}.Release|Any CPU.Build.0 = Release|Any CPU
		{A111A69D-25BB-4871-9874-EE81339DD75E}.Debug|Any CPU.ActiveCfg = Debug|Any CPU
		{A111A69D-25BB-4871-9874-EE81339DD75E}.Debug|Any CPU.Build.0 = Debug|Any CPU
		{A111A69D-25BB-4871-9874-EE81339DD75E}.Release|Any CPU.ActiveCfg = Release|Any CPU
		{A111A69D-25BB-4871-9874-EE81339DD75E}.Release|Any CPU.Build.0 = Release|Any CPU
		{61704FDF-59A5-4594-A009-2B6FECBD023E}.Debug|Any CPU.ActiveCfg = Debug|Any CPU
		{61704FDF-59A5-4594-A009-2B6FECBD023E}.Debug|Any CPU.Build.0 = Debug|Any CPU
		{61704FDF-59A5-4594-A009-2B6FECBD023E}.Release|Any CPU.ActiveCfg = Release|Any CPU
		{61704FDF-59A5-4594-A009-2B6FECBD023E}.Release|Any CPU.Build.0 = Release|Any CPU
		{13DE9BFD-A790-481C-BBD1-AD5E4AB3A547}.Debug|Any CPU.ActiveCfg = Debug|Any CPU
		{13DE9BFD-A790-481C-BBD1-AD5E4AB3A547}.Debug|Any CPU.Build.0 = Debug|Any CPU
		{13DE9BFD-A790-481C-BBD1-AD5E4AB3A547}.Release|Any CPU.ActiveCfg = Release|Any CPU
		{13DE9BFD-A790-481C-BBD1-AD5E4AB3A547}.Release|Any CPU.Build.0 = Release|Any CPU
		{CB8CC415-435A-416D-A2BC-DA3BC7340040}.Debug|Any CPU.ActiveCfg = Debug|Any CPU
		{CB8CC415-435A-416D-A2BC-DA3BC7340040}.Debug|Any CPU.Build.0 = Debug|Any CPU
		{CB8CC415-435A-416D-A2BC-DA3BC7340040}.Release|Any CPU.ActiveCfg = Release|Any CPU
		{CB8CC415-435A-416D-A2BC-DA3BC7340040}.Release|Any CPU.Build.0 = Release|Any CPU
		{2896863F-6414-41BD-B79F-725FF98CB5C3}.Debug|Any CPU.ActiveCfg = Debug|Any CPU
		{2896863F-6414-41BD-B79F-725FF98CB5C3}.Debug|Any CPU.Build.0 = Debug|Any CPU
		{2896863F-6414-41BD-B79F-725FF98CB5C3}.Release|Any CPU.ActiveCfg = Release|Any CPU
		{2896863F-6414-41BD-B79F-725FF98CB5C3}.Release|Any CPU.Build.0 = Release|Any CPU
		{E6DA9B5E-9E70-40F1-BF8D-BF3BB55DB8B3}.Debug|Any CPU.ActiveCfg = Debug|Any CPU
		{E6DA9B5E-9E70-40F1-BF8D-BF3BB55DB8B3}.Debug|Any CPU.Build.0 = Debug|Any CPU
		{E6DA9B5E-9E70-40F1-BF8D-BF3BB55DB8B3}.Release|Any CPU.ActiveCfg = Release|Any CPU
		{E6DA9B5E-9E70-40F1-BF8D-BF3BB55DB8B3}.Release|Any CPU.Build.0 = Release|Any CPU
		{F67718FB-0434-481F-9C18-075610302D43}.Debug|Any CPU.ActiveCfg = Debug|Any CPU
		{F67718FB-0434-481F-9C18-075610302D43}.Debug|Any CPU.Build.0 = Debug|Any CPU
		{F67718FB-0434-481F-9C18-075610302D43}.Release|Any CPU.ActiveCfg = Release|Any CPU
		{F67718FB-0434-481F-9C18-075610302D43}.Release|Any CPU.Build.0 = Release|Any CPU
		{801FD1E0-D7AE-4D59-B9E7-925170B9BD0D}.Debug|Any CPU.ActiveCfg = Debug|Any CPU
		{801FD1E0-D7AE-4D59-B9E7-925170B9BD0D}.Debug|Any CPU.Build.0 = Debug|Any CPU
		{801FD1E0-D7AE-4D59-B9E7-925170B9BD0D}.Release|Any CPU.ActiveCfg = Release|Any CPU
		{801FD1E0-D7AE-4D59-B9E7-925170B9BD0D}.Release|Any CPU.Build.0 = Release|Any CPU
		{973C4B34-2A75-48E3-A725-2846824E5260}.Debug|Any CPU.ActiveCfg = Debug|Any CPU
		{973C4B34-2A75-48E3-A725-2846824E5260}.Debug|Any CPU.Build.0 = Debug|Any CPU
		{973C4B34-2A75-48E3-A725-2846824E5260}.Release|Any CPU.ActiveCfg = Release|Any CPU
		{973C4B34-2A75-48E3-A725-2846824E5260}.Release|Any CPU.Build.0 = Release|Any CPU
	EndGlobalSection
	GlobalSection(SolutionProperties) = preSolution
		HideSolutionNode = FALSE
	EndGlobalSection
	GlobalSection(NestedProjects) = preSolution
		{6E35DB28-78E2-4247-8D78-30FF56DDAD3D} = {C36A910D-E15E-4570-8219-2D717CF52D95}
		{A49248A4-5A0E-444B-B95D-A13AF3D4A572} = {B05B384B-74EE-4FBD-B396-50B79CC3BD24}
		{8A05E84B-665C-49C5-82BB-255E1E6D99D9} = {B05B384B-74EE-4FBD-B396-50B79CC3BD24}
		{FB3ADCE3-ED36-4793-92F2-6B701C84ED6F} = {D5B310B4-A0BF-4EB5-9505-8C5F9DBB6117}
		{A111A69D-25BB-4871-9874-EE81339DD75E} = {D5B310B4-A0BF-4EB5-9505-8C5F9DBB6117}
		{61704FDF-59A5-4594-A009-2B6FECBD023E} = {F82376BA-E68D-4665-BF44-101CD0E297D4}
		{13DE9BFD-A790-481C-BBD1-AD5E4AB3A547} = {79C3B0E1-E16A-4154-840A-8FD3D16685B8}
		{CB8CC415-435A-416D-A2BC-DA3BC7340040} = {79C3B0E1-E16A-4154-840A-8FD3D16685B8}
		{2896863F-6414-41BD-B79F-725FF98CB5C3} = {79C3B0E1-E16A-4154-840A-8FD3D16685B8}
		{E6DA9B5E-9E70-40F1-BF8D-BF3BB55DB8B3} = {79C3B0E1-E16A-4154-840A-8FD3D16685B8}
		{F67718FB-0434-481F-9C18-075610302D43} = {79C3B0E1-E16A-4154-840A-8FD3D16685B8}
		{801FD1E0-D7AE-4D59-B9E7-925170B9BD0D} = {B05B384B-74EE-4FBD-B396-50B79CC3BD24}
		{973C4B34-2A75-48E3-A725-2846824E5260} = {C36A910D-E15E-4570-8219-2D717CF52D95}
	EndGlobalSection
EndGlobal
